lockfileVersion: 5.4

importers:

  packages/runtime:
    specifiers:
      '@types/node': ^17.0.35
      isolated-vm: ^4.4.1
    dependencies:
      isolated-vm: 4.4.1
    devDependencies:
      '@types/node': 17.0.35

packages:

  /@types/node/17.0.35:
    resolution: {integrity: sha512-vu1SrqBjbbZ3J6vwY17jBs8Sr/BKA+/a/WtjRG+whKg1iuLFOosq872EXS0eXWILdO36DHQQeku/ZcL6hz2fpg==}
    dev: true

  /isolated-vm/4.4.1:
    resolution: {integrity: sha512-5aDwxQGm78vHS+qJeUli2ILroG7OS/k3D/Mc0kcT9vyujiL4bV7PYYix1mAvuBm3v44nz2qcfAOqgAbhuACc/w==}
    engines: {node: '>=10.4.0'}
    requiresBuild: true
    dev: false
